
Microsoft Visual Studio Solution File, Format Version 12.00
# Visual Studio Version 16
VisualStudioVersion = 16.0.30907.101
MinimumVisualStudioVersion = 10.0.40219.1
Project("{9A19103F-16F7-4668-BE54-9A1E7A4F7556}") = "Natalie", "Natalie\Natalie.csproj", "{8C46BED1-09EF-4B28-8F63-6914A7D03186}"
EndProject
Project("{9A19103F-16F7-4668-BE54-9A1E7A4F7556}") = "Interface.Aft", "Interface.Aft\Interface.Aft.csproj", "{6D63AF56-2D76-4312-A10D-7ABDAFC19E04}"
EndProject
Project("{2150E333-8FDC-42A3-9474-1A3956D46DE8}") = "AI", "AI", "{2B8F5E45-F8A8-44FA-AF79-63EF5A9BB24A}"
EndProject
Project("{2150E333-8FDC-42A3-9474-1A3956D46DE8}") = "Interface", "Interface", "{5EFCE01F-1C04-4320-9E24-765D31D93471}"
EndProject
Project("{9A19103F-16F7-4668-BE54-9A1E7A4F7556}") = "Interface.Desktop", "Interface.Desktop\Interface.Desktop.csproj", "{510CC7A6-F3E2-47A7-96FC-5846D788E603}"
EndProject
Project("{9A19103F-16F7-4668-BE54-9A1E7A4F7556}") = "Natalie.CNSL", "Natalie.CNSL\Natalie.CNSL.csproj", "{6711315D-8922-4B83-9CBF-65BEE8CA17D5}"
EndProject
Project("{FAE04EC0-301F-11D3-BF4B-00C04F79EFBC}") = "Interface.Web", "Interface.Web\Interface.Web.csproj", "{63D1B46E-94B7-4239-AA3B-BFF6D96024AE}"
EndProject
Global
	GlobalSection(SolutionConfigurationPlatforms) = preSolution
		Debug|Any CPU = Debug|Any CPU
		Release|Any CPU = Release|Any CPU
	EndGlobalSection
	GlobalSection(ProjectConfigurationPlatforms) = postSolution
		{8C46BED1-09EF-4B28-8F63-6914A7D03186}.Debug|Any CPU.ActiveCfg = Debug|Any CPU
		{8C46BED1-09EF-4B28-8F63-6914A7D03186}.Debug|Any CPU.Build.0 = Debug|Any CPU
		{8C46BED1-09EF-4B28-8F63-6914A7D03186}.Release|Any CPU.ActiveCfg = Release|Any CPU
		{8C46BED1-09EF-4B28-8F63-6914A7D03186}.Release|Any CPU.Build.0 = Release|Any CPU
		{6D63AF56-2D76-4312-A10D-7ABDAFC19E04}.Debug|Any CPU.ActiveCfg = Debug|Any CPU
		{6D63AF56-2D76-4312-A10D-7ABDAFC19E04}.Debug|Any CPU.Build.0 = Debug|Any CPU
		{6D63AF56-2D76-4312-A10D-7ABDAFC19E04}.Release|Any CPU.ActiveCfg = Release|Any CPU
		{6D63AF56-2D76-4312-A10D-7ABDAFC19E04}.Release|Any CPU.Build.0 = Release|Any CPU
		{510CC7A6-F3E2-47A7-96FC-5846D788E603}.Debug|Any CPU.ActiveCfg = Debug|Any CPU
		{510CC7A6-F3E2-47A7-96FC-5846D788E603}.Debug|Any CPU.Build.0 = Debug|Any CPU
		{510CC7A6-F3E2-47A7-96FC-5846D788E603}.Release|Any CPU.ActiveCfg = Release|Any CPU
		{510CC7A6-F3E2-47A7-96FC-5846D788E603}.Release|Any CPU.Build.0 = Release|Any CPU
		{6711315D-8922-4B83-9CBF-65BEE8CA17D5}.Debug|Any CPU.ActiveCfg = Debug|Any CPU
		{6711315D-8922-4B83-9CBF-65BEE8CA17D5}.Debug|Any CPU.Build.0 = Debug|Any CPU
		{6711315D-8922-4B83-9CBF-65BEE8CA17D5}.Release|Any CPU.ActiveCfg = Release|Any CPU
		{6711315D-8922-4B83-9CBF-65BEE8CA17D5}.Release|Any CPU.Build.0 = Release|Any CPU
		{63D1B46E-94B7-4239-AA3B-BFF6D96024AE}.Debug|Any CPU.ActiveCfg = Debug|Any CPU
		{63D1B46E-94B7-4239-AA3B-BFF6D96024AE}.Debug|Any CPU.Build.0 = Debug|Any CPU
		{63D1B46E-94B7-4239-AA3B-BFF6D96024AE}.Release|Any CPU.ActiveCfg = Release|Any CPU
		{63D1B46E-94B7-4239-AA3B-BFF6D96024AE}.Release|Any CPU.Build.0 = Release|Any CPU
	EndGlobalSection
	GlobalSection(SolutionProperties) = preSolution
		HideSolutionNode = FALSE
	EndGlobalSection
	GlobalSection(NestedProjects) = preSolution
		{8C46BED1-09EF-4B28-8F63-6914A7D03186} = {2B8F5E45-F8A8-44FA-AF79-63EF5A9BB24A}
		{6D63AF56-2D76-4312-A10D-7ABDAFC19E04} = {5EFCE01F-1C04-4320-9E24-765D31D93471}
		{510CC7A6-F3E2-47A7-96FC-5846D788E603} = {5EFCE01F-1C04-4320-9E24-765D31D93471}
		{6711315D-8922-4B83-9CBF-65BEE8CA17D5} = {2B8F5E45-F8A8-44FA-AF79-63EF5A9BB24A}
		{63D1B46E-94B7-4239-AA3B-BFF6D96024AE} = {5EFCE01F-1C04-4320-9E24-765D31D93471}
	EndGlobalSection
	GlobalSection(ExtensibilityGlobals) = postSolution
		SolutionGuid = {94DA222A-BA38-4284-946D-5BF913709CB4}
	EndGlobalSection
EndGlobal
